
Microsoft Visual Studio Solution File, Format Version 12.00
# Visual Studio Version 17
VisualStudioVersion = 17.5.002.0
MinimumVisualStudioVersion = 10.0.40219.1
Project("{9A19103F-16F7-4668-BE54-9A1E7A4F7556}") = "L11", "L11.csproj", "{B37974CF-7B9E-42D5-BEF9-72233D68D64F}"
EndProject
Global
	GlobalSection(SolutionConfigurationPlatforms) = preSolution
		Debug|Any CPU = Debug|Any CPU
		Release|Any CPU = Release|Any CPU
	EndGlobalSection
	GlobalSection(ProjectConfigurationPlatforms) = postSolution
		{B37974CF-7B9E-42D5-BEF9-72233D68D64F}.Debug|Any CPU.ActiveCfg = Debug|Any CPU
		{B37974CF-7B9E-42D5-BEF9-72233D68D64F}.Debug|Any CPU.Build.0 = Debug|Any CPU
		{B37974CF-7B9E-42D5-BEF9-72233D68D64F}.Release|Any CPU.ActiveCfg = Release|Any CPU
		{B37974CF-7B9E-42D5-BEF9-72233D68D64F}.Release|Any CPU.Build.0 = Release|Any CPU
	EndGlobalSection
	GlobalSection(SolutionProperties) = preSolution
		HideSolutionNode = FALSE
	EndGlobalSection
	GlobalSection(ExtensibilityGlobals) = postSolution
		SolutionGuid = {FBB39603-0DFE-4F52-80BA-B8C85E57B953}
	EndGlobalSection
EndGlobal
