
Microsoft Visual Studio Solution File, Format Version 12.00
# Visual Studio Version 17
VisualStudioVersion = 17.5.002.0
MinimumVisualStudioVersion = 10.0.40219.1
Project("{9A19103F-16F7-4668-BE54-9A1E7A4F7556}") = "Proyecto2", "Proyecto2.csproj", "{F350A535-D78D-4F8F-BFE7-30F55DC9A5FC}"
EndProject
Global
	GlobalSection(SolutionConfigurationPlatforms) = preSolution
		Debug|Any CPU = Debug|Any CPU
		Release|Any CPU = Release|Any CPU
	EndGlobalSection
	GlobalSection(ProjectConfigurationPlatforms) = postSolution
		{F350A535-D78D-4F8F-BFE7-30F55DC9A5FC}.Debug|Any CPU.ActiveCfg = Debug|Any CPU
		{F350A535-D78D-4F8F-BFE7-30F55DC9A5FC}.Debug|Any CPU.Build.0 = Debug|Any CPU
		{F350A535-D78D-4F8F-BFE7-30F55DC9A5FC}.Release|Any CPU.ActiveCfg = Release|Any CPU
		{F350A535-D78D-4F8F-BFE7-30F55DC9A5FC}.Release|Any CPU.Build.0 = Release|Any CPU
	EndGlobalSection
	GlobalSection(SolutionProperties) = preSolution
		HideSolutionNode = FALSE
	EndGlobalSection
	GlobalSection(ExtensibilityGlobals) = postSolution
		SolutionGuid = {C788043D-FC56-444F-BEDA-7ACED802C430}
	EndGlobalSection
EndGlobal
